
Microsoft Visual Studio Solution File, Format Version 12.00
# Visual Studio 2013
VisualStudioVersion = 12.0.31101.0
MinimumVisualStudioVersion = 10.0.40219.1
Project("{FAE04EC0-301F-11D3-BF4B-00C04F79EFBC}") = "wtmcsConfigurableSlopeLimits", "wtmcsConfigurableSlopeLimits\wtmcsConfigurableSlopeLimits.csproj", "{2B2E5D45-E59C-41F7-A401-31E59592EAE2}"
EndProject
Project("{2150E333-8FDC-42A3-9474-1A3956D46DE8}") = "Solution Items", "Solution Items", "{7752552B-C877-4BBB-8963-119F1179CB0C}"
	ProjectSection(SolutionItems) = preProject
		LICENSE.txt = LICENSE.txt
		README.md = README.md
	EndProjectSection
EndProject
Project("{2150E333-8FDC-42A3-9474-1A3956D46DE8}") = "Stuff", "Stuff", "{A08722F3-8723-4B2B-A82C-A2671AA78992}"
	ProjectSection(SolutionItems) = preProject
		Stuff\Configurable Slope Limits.png = Stuff\Configurable Slope Limits.png
		Stuff\Configurable Slope Limits.xcf = Stuff\Configurable Slope Limits.xcf
		Stuff\ConfigurableSlopeLimitsButtonWeb.png = Stuff\ConfigurableSlopeLimitsButtonWeb.png
		Stuff\SteamDescription.txt = Stuff\SteamDescription.txt
		Stuff\ToDo.md = Stuff\ToDo.md
	EndProjectSection
EndProject
Global
	GlobalSection(SolutionConfigurationPlatforms) = preSolution
		Debug|Any CPU = Debug|Any CPU
		Release|Any CPU = Release|Any CPU
	EndGlobalSection
	GlobalSection(ProjectConfigurationPlatforms) = postSolution
		{2B2E5D45-E59C-41F7-A401-31E59592EAE2}.Debug|Any CPU.ActiveCfg = Debug|Any CPU
		{2B2E5D45-E59C-41F7-A401-31E59592EAE2}.Debug|Any CPU.Build.0 = Debug|Any CPU
		{2B2E5D45-E59C-41F7-A401-31E59592EAE2}.Release|Any CPU.ActiveCfg = Release|Any CPU
		{2B2E5D45-E59C-41F7-A401-31E59592EAE2}.Release|Any CPU.Build.0 = Release|Any CPU
	EndGlobalSection
	GlobalSection(SolutionProperties) = preSolution
		HideSolutionNode = FALSE
	EndGlobalSection
	GlobalSection(NestedProjects) = preSolution
		{A08722F3-8723-4B2B-A82C-A2671AA78992} = {7752552B-C877-4BBB-8963-119F1179CB0C}
	EndGlobalSection
EndGlobal
